
Microsoft Visual Studio Solution File, Format Version 12.00
# Visual Studio 2012
Project("{2150E333-8FDC-42A3-9474-1A3956D46DE8}") = "Libs", "Libs", "{7CF426A0-DD69-414F-A60F-9B05A0379AF9}"
EndProject
Project("{FAE04EC0-301F-11D3-BF4B-00C04F79EFBC}") = "HookLib", "Libs\HookLib\HookLib\HookLib.csproj", "{3858AA1D-13E6-4BF6-A177-D76B47092A9C}"
EndProject
Project("{FAE04EC0-301F-11D3-BF4B-00C04F79EFBC}") = "Alpha.KeystrokeAnalyzer.WinService", "Alpha.KeystrokeAnalyzer.WinService\Alpha.KeystrokeAnalyzer.WinService.csproj", "{51D2CCB5-993C-444D-B341-93928D0CB81A}"
EndProject
Project("{FAE04EC0-301F-11D3-BF4B-00C04F79EFBC}") = "Alpha.KeystrokeAnalyzer.Domain", "Alpha.KeystrokeAnalyzer.Domain\Alpha.KeystrokeAnalyzer.Domain.csproj", "{B4A738DA-A123-4D64-875F-4946C8F190E5}"
EndProject
Project("{FAE04EC0-301F-11D3-BF4B-00C04F79EFBC}") = "Alpha.KeystrokeAnalyzer.SendSummaryToDB", "Alpha.KeystrokeAnalyzer.SendSummaryToDB\Alpha.KeystrokeAnalyzer.SendSummaryToDB.csproj", "{8E587EA9-7A30-4BD5-A78C-C86A8E51D480}"
EndProject
Global
	GlobalSection(SolutionConfigurationPlatforms) = preSolution
		Debug|Any CPU = Debug|Any CPU
		Release|Any CPU = Release|Any CPU
	EndGlobalSection
	GlobalSection(ProjectConfigurationPlatforms) = postSolution
		{3858AA1D-13E6-4BF6-A177-D76B47092A9C}.Debug|Any CPU.ActiveCfg = Debug|Any CPU
		{3858AA1D-13E6-4BF6-A177-D76B47092A9C}.Debug|Any CPU.Build.0 = Debug|Any CPU
		{3858AA1D-13E6-4BF6-A177-D76B47092A9C}.Release|Any CPU.ActiveCfg = Release|Any CPU
		{3858AA1D-13E6-4BF6-A177-D76B47092A9C}.Release|Any CPU.Build.0 = Release|Any CPU
		{51D2CCB5-993C-444D-B341-93928D0CB81A}.Debug|Any CPU.ActiveCfg = Debug|Any CPU
		{51D2CCB5-993C-444D-B341-93928D0CB81A}.Debug|Any CPU.Build.0 = Debug|Any CPU
		{51D2CCB5-993C-444D-B341-93928D0CB81A}.Release|Any CPU.ActiveCfg = Release|Any CPU
		{51D2CCB5-993C-444D-B341-93928D0CB81A}.Release|Any CPU.Build.0 = Release|Any CPU
		{8E587EA9-7A30-4BD5-A78C-C86A8E51D480}.Debug|Any CPU.ActiveCfg = Debug|Any CPU
		{8E587EA9-7A30-4BD5-A78C-C86A8E51D480}.Debug|Any CPU.Build.0 = Debug|Any CPU
		{8E587EA9-7A30-4BD5-A78C-C86A8E51D480}.Release|Any CPU.ActiveCfg = Release|Any CPU
		{8E587EA9-7A30-4BD5-A78C-C86A8E51D480}.Release|Any CPU.Build.0 = Release|Any CPU
		{B4A738DA-A123-4D64-875F-4946C8F190E5}.Debug|Any CPU.ActiveCfg = Debug|Any CPU
		{B4A738DA-A123-4D64-875F-4946C8F190E5}.Debug|Any CPU.Build.0 = Debug|Any CPU
		{B4A738DA-A123-4D64-875F-4946C8F190E5}.Release|Any CPU.ActiveCfg = Release|Any CPU
		{B4A738DA-A123-4D64-875F-4946C8F190E5}.Release|Any CPU.Build.0 = Release|Any CPU
	EndGlobalSection
	GlobalSection(SolutionProperties) = preSolution
		HideSolutionNode = FALSE
	EndGlobalSection
	GlobalSection(NestedProjects) = preSolution
		{3858AA1D-13E6-4BF6-A177-D76B47092A9C} = {7CF426A0-DD69-414F-A60F-9B05A0379AF9}
	EndGlobalSection
EndGlobal
